
Microsoft Visual Studio Solution File, Format Version 12.00
# Visual Studio Version 17
VisualStudioVersion = 17.9.34728.123
MinimumVisualStudioVersion = 10.0.40219.1
Project("{FAE04EC0-301F-11D3-BF4B-00C04F79EFBC}") = "DbAccessAP", "DbAccessAP\DbAccessAP.csproj", "{8EAAB033-0C1D-4EA5-9A1C-C29019BAF7A6}"
EndProject
Global
	GlobalSection(SolutionConfigurationPlatforms) = preSolution
		Debug|Any CPU = Debug|Any CPU
		Release|Any CPU = Release|Any CPU
	EndGlobalSection
	GlobalSection(ProjectConfigurationPlatforms) = postSolution
		{8EAAB033-0C1D-4EA5-9A1C-C29019BAF7A6}.Debug|Any CPU.ActiveCfg = Debug|Any CPU
		{8EAAB033-0C1D-4EA5-9A1C-C29019BAF7A6}.Debug|Any CPU.Build.0 = Debug|Any CPU
		{8EAAB033-0C1D-4EA5-9A1C-C29019BAF7A6}.Release|Any CPU.ActiveCfg = Release|Any CPU
		{8EAAB033-0C1D-4EA5-9A1C-C29019BAF7A6}.Release|Any CPU.Build.0 = Release|Any CPU
	EndGlobalSection
	GlobalSection(SolutionProperties) = preSolution
		HideSolutionNode = FALSE
	EndGlobalSection
	GlobalSection(ExtensibilityGlobals) = postSolution
		SolutionGuid = {701D950A-3622-46CC-B776-C26914159E90}
	EndGlobalSection
EndGlobal
